
Microsoft Visual Studio Solution File, Format Version 12.00
# Visual Studio 2017
Project("{FAE04EC0-301F-11D3-BF4B-00C04F79EFBC}") = "ggj-vr-detector", "ggj-vr-detector.csproj", "{F786C804-642C-631B-E5C0-3A09AB890B06}"
EndProject
Project("{FAE04EC0-301F-11D3-BF4B-00C04F79EFBC}") = "ggj-vr-detector.Plugins", "ggj-vr-detector.Plugins.csproj", "{AA6DA735-03E2-B5FF-C2EB-07BDDC08A088}"
EndProject
Project("{FAE04EC0-301F-11D3-BF4B-00C04F79EFBC}") = "ggj-vr-detector.Editor.Plugins", "ggj-vr-detector.Editor.Plugins.csproj", "{6F2BA0A6-37F5-1E16-EB7A-D3855ACE04AC}"
EndProject
Project("{FAE04EC0-301F-11D3-BF4B-00C04F79EFBC}") = "ggj-vr-detector.Editor", "ggj-vr-detector.Editor.csproj", "{3CFB7D8A-47CD-26E0-F4D0-19D22E8A31B3}"
EndProject
Global
	GlobalSection(SolutionConfigurationPlatforms) = preSolution
		Debug|Any CPU = Debug|Any CPU
		Release|Any CPU = Release|Any CPU
	EndGlobalSection
	GlobalSection(ProjectConfigurationPlatforms) = postSolution
		{F786C804-642C-631B-E5C0-3A09AB890B06}.Debug|Any CPU.ActiveCfg = Debug|Any CPU
		{F786C804-642C-631B-E5C0-3A09AB890B06}.Debug|Any CPU.Build.0 = Debug|Any CPU
		{F786C804-642C-631B-E5C0-3A09AB890B06}.Release|Any CPU.ActiveCfg = Release|Any CPU
		{F786C804-642C-631B-E5C0-3A09AB890B06}.Release|Any CPU.Build.0 = Release|Any CPU
		{AA6DA735-03E2-B5FF-C2EB-07BDDC08A088}.Debug|Any CPU.ActiveCfg = Debug|Any CPU
		{AA6DA735-03E2-B5FF-C2EB-07BDDC08A088}.Debug|Any CPU.Build.0 = Debug|Any CPU
		{AA6DA735-03E2-B5FF-C2EB-07BDDC08A088}.Release|Any CPU.ActiveCfg = Release|Any CPU
		{AA6DA735-03E2-B5FF-C2EB-07BDDC08A088}.Release|Any CPU.Build.0 = Release|Any CPU
		{6F2BA0A6-37F5-1E16-EB7A-D3855ACE04AC}.Debug|Any CPU.ActiveCfg = Debug|Any CPU
		{6F2BA0A6-37F5-1E16-EB7A-D3855ACE04AC}.Debug|Any CPU.Build.0 = Debug|Any CPU
		{6F2BA0A6-37F5-1E16-EB7A-D3855ACE04AC}.Release|Any CPU.ActiveCfg = Release|Any CPU
		{6F2BA0A6-37F5-1E16-EB7A-D3855ACE04AC}.Release|Any CPU.Build.0 = Release|Any CPU
		{3CFB7D8A-47CD-26E0-F4D0-19D22E8A31B3}.Debug|Any CPU.ActiveCfg = Debug|Any CPU
		{3CFB7D8A-47CD-26E0-F4D0-19D22E8A31B3}.Debug|Any CPU.Build.0 = Debug|Any CPU
		{3CFB7D8A-47CD-26E0-F4D0-19D22E8A31B3}.Release|Any CPU.ActiveCfg = Release|Any CPU
		{3CFB7D8A-47CD-26E0-F4D0-19D22E8A31B3}.Release|Any CPU.Build.0 = Release|Any CPU
	EndGlobalSection
	GlobalSection(SolutionProperties) = preSolution
		HideSolutionNode = FALSE
	EndGlobalSection
EndGlobal
